
Microsoft Visual Studio Solution File, Format Version 12.00
# Visual Studio 15
VisualStudioVersion = 15.0.26730.16
MinimumVisualStudioVersion = 10.0.40219.1
Project("{FAE04EC0-301F-11D3-BF4B-00C04F79EFBC}") = "LogReport", "LogReport\LogReport.csproj", "{75A82133-FEBB-4542-A902-E2537EA57D59}"
EndProject
Global
	GlobalSection(SolutionConfigurationPlatforms) = preSolution
		Debug|Any CPU = Debug|Any CPU
		Release|Any CPU = Release|Any CPU
	EndGlobalSection
	GlobalSection(ProjectConfigurationPlatforms) = postSolution
		{75A82133-FEBB-4542-A902-E2537EA57D59}.Debug|Any CPU.ActiveCfg = Debug|Any CPU
		{75A82133-FEBB-4542-A902-E2537EA57D59}.Debug|Any CPU.Build.0 = Debug|Any CPU
		{75A82133-FEBB-4542-A902-E2537EA57D59}.Release|Any CPU.ActiveCfg = Release|Any CPU
		{75A82133-FEBB-4542-A902-E2537EA57D59}.Release|Any CPU.Build.0 = Release|Any CPU
	EndGlobalSection
	GlobalSection(SolutionProperties) = preSolution
		HideSolutionNode = FALSE
	EndGlobalSection
	GlobalSection(ExtensibilityGlobals) = postSolution
		SolutionGuid = {878FB284-982B-4A73-8237-1FABD1861A86}
	EndGlobalSection
EndGlobal
